
Microsoft Visual Studio Solution File, Format Version 12.00
# Visual Studio 15
VisualStudioVersion = 15.0.28307.757
MinimumVisualStudioVersion = 10.0.40219.1
Project("{FAE04EC0-301F-11D3-BF4B-00C04F79EFBC}") = "API sisacomp", "API sisacomp\API sisacomp.csproj", "{DC2B9B21-52FA-4153-BDF4-71C19DDF81A5}"
EndProject
Global
	GlobalSection(SolutionConfigurationPlatforms) = preSolution
		Debug|Any CPU = Debug|Any CPU
		Release|Any CPU = Release|Any CPU
	EndGlobalSection
	GlobalSection(ProjectConfigurationPlatforms) = postSolution
		{DC2B9B21-52FA-4153-BDF4-71C19DDF81A5}.Debug|Any CPU.ActiveCfg = Debug|Any CPU
		{DC2B9B21-52FA-4153-BDF4-71C19DDF81A5}.Debug|Any CPU.Build.0 = Debug|Any CPU
		{DC2B9B21-52FA-4153-BDF4-71C19DDF81A5}.Release|Any CPU.ActiveCfg = Release|Any CPU
		{DC2B9B21-52FA-4153-BDF4-71C19DDF81A5}.Release|Any CPU.Build.0 = Release|Any CPU
	EndGlobalSection
	GlobalSection(SolutionProperties) = preSolution
		HideSolutionNode = FALSE
	EndGlobalSection
	GlobalSection(ExtensibilityGlobals) = postSolution
		SolutionGuid = {FB09725E-C27B-4167-B834-DAF43E5515BE}
	EndGlobalSection
EndGlobal
